
Microsoft Visual Studio Solution File, Format Version 12.00
# Visual Studio 15
Project("{FAE04EC0-301F-11D3-BF4B-00C04F79EFBC}") = "aut1", "aut1\aut1.csproj", "{BD64DA15-007F-413E-92B5-CECB2A77094A}"
EndProject
Global
	GlobalSection(SolutionConfigurationPlatforms) = preSolution
		Debug|Any CPU = Debug|Any CPU
		Release|Any CPU = Release|Any CPU
	EndGlobalSection
	GlobalSection(ProjectConfigurationPlatforms) = postSolution
		{BD64DA15-007F-413E-92B5-CECB2A77094A}.Debug|Any CPU.ActiveCfg = Debug|Any CPU
		{BD64DA15-007F-413E-92B5-CECB2A77094A}.Debug|Any CPU.Build.0 = Debug|Any CPU
		{BD64DA15-007F-413E-92B5-CECB2A77094A}.Release|Any CPU.ActiveCfg = Release|Any CPU
		{BD64DA15-007F-413E-92B5-CECB2A77094A}.Release|Any CPU.Build.0 = Release|Any CPU
	EndGlobalSection
EndGlobal
